
Microsoft Visual Studio Solution File, Format Version 12.00
# Visual Studio Version 17
VisualStudioVersion = 17.10.34607.79
MinimumVisualStudioVersion = 10.0.40219.1
Project("{FAE04EC0-301F-11D3-BF4B-00C04F79EFBC}") = "CrudWebMvcEntity", "CrudWebMvcEntity\CrudWebMvcEntity.csproj", "{8B304C17-5D1E-4D0D-AA63-353B6B7D18C5}"
EndProject
Project("{2150E333-8FDC-42A3-9474-1A3956D46DE8}") = "Core", "Core", "{61F4EBD3-00C7-49B0-8944-6A1F90D9EF90}"
EndProject
Project("{2150E333-8FDC-42A3-9474-1A3956D46DE8}") = "BLL", "BLL", "{5B62A47D-3177-4E3A-82DA-4F3D582E477F}"
EndProject
Project("{2150E333-8FDC-42A3-9474-1A3956D46DE8}") = "DAL", "DAL", "{5B1D7DC1-E2C6-494F-8C0D-4775A6ED008C}"
EndProject
Project("{2150E333-8FDC-42A3-9474-1A3956D46DE8}") = "Common", "Common", "{D920DAD3-E792-43DD-85D7-19066D078025}"
EndProject
Project("{FAE04EC0-301F-11D3-BF4B-00C04F79EFBC}") = "Jcvalera.Core.BLL", "Jcvalera.Core.BLL\Jcvalera.Core.BLL.csproj", "{B955AE89-0B93-444F-A4E5-28B9B4CB5AE0}"
EndProject
Project("{FAE04EC0-301F-11D3-BF4B-00C04F79EFBC}") = "Jcvalera.Core.Common", "Jcvalera.Core.Common\Jcvalera.Core.Common.csproj", "{C046F096-70AA-4BC4-92F4-A6303E97D422}"
EndProject
Project("{FAE04EC0-301F-11D3-BF4B-00C04F79EFBC}") = "Jcvalera.Core.DAL", "Jcvalera.Core.DAL\Jcvalera.Core.DAL.csproj", "{20DF7E31-7F74-43DD-8681-01A6A59C54F7}"
EndProject
Global
	GlobalSection(SolutionConfigurationPlatforms) = preSolution
		Debug|Any CPU = Debug|Any CPU
		Release|Any CPU = Release|Any CPU
	EndGlobalSection
	GlobalSection(ProjectConfigurationPlatforms) = postSolution
		{8B304C17-5D1E-4D0D-AA63-353B6B7D18C5}.Debug|Any CPU.ActiveCfg = Debug|Any CPU
		{8B304C17-5D1E-4D0D-AA63-353B6B7D18C5}.Debug|Any CPU.Build.0 = Debug|Any CPU
		{8B304C17-5D1E-4D0D-AA63-353B6B7D18C5}.Release|Any CPU.ActiveCfg = Release|Any CPU
		{8B304C17-5D1E-4D0D-AA63-353B6B7D18C5}.Release|Any CPU.Build.0 = Release|Any CPU
		{B955AE89-0B93-444F-A4E5-28B9B4CB5AE0}.Debug|Any CPU.ActiveCfg = Debug|Any CPU
		{B955AE89-0B93-444F-A4E5-28B9B4CB5AE0}.Debug|Any CPU.Build.0 = Debug|Any CPU
		{B955AE89-0B93-444F-A4E5-28B9B4CB5AE0}.Release|Any CPU.ActiveCfg = Release|Any CPU
		{B955AE89-0B93-444F-A4E5-28B9B4CB5AE0}.Release|Any CPU.Build.0 = Release|Any CPU
		{C046F096-70AA-4BC4-92F4-A6303E97D422}.Debug|Any CPU.ActiveCfg = Debug|Any CPU
		{C046F096-70AA-4BC4-92F4-A6303E97D422}.Debug|Any CPU.Build.0 = Debug|Any CPU
		{C046F096-70AA-4BC4-92F4-A6303E97D422}.Release|Any CPU.ActiveCfg = Release|Any CPU
		{C046F096-70AA-4BC4-92F4-A6303E97D422}.Release|Any CPU.Build.0 = Release|Any CPU
		{20DF7E31-7F74-43DD-8681-01A6A59C54F7}.Debug|Any CPU.ActiveCfg = Debug|Any CPU
		{20DF7E31-7F74-43DD-8681-01A6A59C54F7}.Debug|Any CPU.Build.0 = Debug|Any CPU
		{20DF7E31-7F74-43DD-8681-01A6A59C54F7}.Release|Any CPU.ActiveCfg = Release|Any CPU
		{20DF7E31-7F74-43DD-8681-01A6A59C54F7}.Release|Any CPU.Build.0 = Release|Any CPU
	EndGlobalSection
	GlobalSection(SolutionProperties) = preSolution
		HideSolutionNode = FALSE
	EndGlobalSection
	GlobalSection(NestedProjects) = preSolution
		{5B62A47D-3177-4E3A-82DA-4F3D582E477F} = {61F4EBD3-00C7-49B0-8944-6A1F90D9EF90}
		{5B1D7DC1-E2C6-494F-8C0D-4775A6ED008C} = {61F4EBD3-00C7-49B0-8944-6A1F90D9EF90}
		{D920DAD3-E792-43DD-85D7-19066D078025} = {61F4EBD3-00C7-49B0-8944-6A1F90D9EF90}
		{B955AE89-0B93-444F-A4E5-28B9B4CB5AE0} = {5B62A47D-3177-4E3A-82DA-4F3D582E477F}
		{C046F096-70AA-4BC4-92F4-A6303E97D422} = {D920DAD3-E792-43DD-85D7-19066D078025}
		{20DF7E31-7F74-43DD-8681-01A6A59C54F7} = {5B1D7DC1-E2C6-494F-8C0D-4775A6ED008C}
	EndGlobalSection
	GlobalSection(ExtensibilityGlobals) = postSolution
		SolutionGuid = {0FDB359C-5752-4876-8B7F-FB63488F4405}
	EndGlobalSection
EndGlobal
